
Microsoft Visual Studio Solution File, Format Version 12.00
# Visual Studio Version 17
VisualStudioVersion = 17.7.34202.233
MinimumVisualStudioVersion = 10.0.40219.1
Project("{FAE04EC0-301F-11D3-BF4B-00C04F79EFBC}") = "Demo1_1.Empty.Net5", "Demo1_1.Empty.Net5\Demo1_1.Empty.Net5.csproj", "{4D992057-9058-4751-AB4E-E60E41BE9AE2}"
EndProject
Project("{FAE04EC0-301F-11D3-BF4B-00C04F79EFBC}") = "WebApplication1", "WebApplication1\WebApplication1.csproj", "{0B1CEDBB-FAD4-467B-81FD-9EA6D4FEE50D}"
EndProject
Project("{FAE04EC0-301F-11D3-BF4B-00C04F79EFBC}") = "Demo.WebApi.Net5", "Demo.WebApi.Net5\Demo.WebApi.Net5.csproj", "{4421DFC2-B734-4EC6-9327-A437191CFE3D}"
EndProject
Project("{FAE04EC0-301F-11D3-BF4B-00C04F79EFBC}") = "WebApplication2", "WebApplication2\WebApplication2.csproj", "{77A1137C-98E7-4D4E-9794-6A2B773AA9F4}"
EndProject
Project("{FAE04EC0-301F-11D3-BF4B-00C04F79EFBC}") = "WebApplication3", "WebApplication3\WebApplication3.csproj", "{4660F199-0E41-4DB7-85DD-73A2E6E1B0D3}"
EndProject
Global
	GlobalSection(SolutionConfigurationPlatforms) = preSolution
		Debug|Any CPU = Debug|Any CPU
		Release|Any CPU = Release|Any CPU
	EndGlobalSection
	GlobalSection(ProjectConfigurationPlatforms) = postSolution
		{4D992057-9058-4751-AB4E-E60E41BE9AE2}.Debug|Any CPU.ActiveCfg = Debug|Any CPU
		{4D992057-9058-4751-AB4E-E60E41BE9AE2}.Debug|Any CPU.Build.0 = Debug|Any CPU
		{4D992057-9058-4751-AB4E-E60E41BE9AE2}.Release|Any CPU.ActiveCfg = Release|Any CPU
		{4D992057-9058-4751-AB4E-E60E41BE9AE2}.Release|Any CPU.Build.0 = Release|Any CPU
		{0B1CEDBB-FAD4-467B-81FD-9EA6D4FEE50D}.Debug|Any CPU.ActiveCfg = Debug|Any CPU
		{0B1CEDBB-FAD4-467B-81FD-9EA6D4FEE50D}.Debug|Any CPU.Build.0 = Debug|Any CPU
		{0B1CEDBB-FAD4-467B-81FD-9EA6D4FEE50D}.Release|Any CPU.ActiveCfg = Release|Any CPU
		{0B1CEDBB-FAD4-467B-81FD-9EA6D4FEE50D}.Release|Any CPU.Build.0 = Release|Any CPU
		{4421DFC2-B734-4EC6-9327-A437191CFE3D}.Debug|Any CPU.ActiveCfg = Debug|Any CPU
		{4421DFC2-B734-4EC6-9327-A437191CFE3D}.Debug|Any CPU.Build.0 = Debug|Any CPU
		{4421DFC2-B734-4EC6-9327-A437191CFE3D}.Release|Any CPU.ActiveCfg = Release|Any CPU
		{4421DFC2-B734-4EC6-9327-A437191CFE3D}.Release|Any CPU.Build.0 = Release|Any CPU
		{77A1137C-98E7-4D4E-9794-6A2B773AA9F4}.Debug|Any CPU.ActiveCfg = Debug|Any CPU
		{77A1137C-98E7-4D4E-9794-6A2B773AA9F4}.Debug|Any CPU.Build.0 = Debug|Any CPU
		{77A1137C-98E7-4D4E-9794-6A2B773AA9F4}.Release|Any CPU.ActiveCfg = Release|Any CPU
		{77A1137C-98E7-4D4E-9794-6A2B773AA9F4}.Release|Any CPU.Build.0 = Release|Any CPU
		{4660F199-0E41-4DB7-85DD-73A2E6E1B0D3}.Debug|Any CPU.ActiveCfg = Debug|Any CPU
		{4660F199-0E41-4DB7-85DD-73A2E6E1B0D3}.Debug|Any CPU.Build.0 = Debug|Any CPU
		{4660F199-0E41-4DB7-85DD-73A2E6E1B0D3}.Release|Any CPU.ActiveCfg = Release|Any CPU
		{4660F199-0E41-4DB7-85DD-73A2E6E1B0D3}.Release|Any CPU.Build.0 = Release|Any CPU
	EndGlobalSection
	GlobalSection(SolutionProperties) = preSolution
		HideSolutionNode = FALSE
	EndGlobalSection
	GlobalSection(ExtensibilityGlobals) = postSolution
		SolutionGuid = {21717ACD-ABE5-4D31-AEFF-77B3F0A9B358}
	EndGlobalSection
EndGlobal
